// !$*UTF8*$!
{
	archiveVersion = 1;
	classes = {
	};
	objectVersion = 77;
	objects = {

/* Begin PBXBuildFile section */
		A53291432E3F810B007E0A89 /* DailyJournalViewModel.swift in Sources */ = {isa = PBXBuildFile; fileRef = A53291422E3F810B007E0A89 /* DailyJournalViewModel.swift */; };
		A59519162DEF9754005A4D55 /* .swiftlint.yml in Resources */ = {isa = PBXBuildFile; fileRef = A59519122DEF9754005A4D55 /* .swiftlint.yml */; };
		A59519172DEF9754005A4D55 /* README.md in Resources */ = {isa = PBXBuildFile; fileRef = A59519132DEF9754005A4D55 /* README.md */; };
		A59519182DEF9754005A4D55 /* .gitignore in Resources */ = {isa = PBXBuildFile; fileRef = A59519142DEF9754005A4D55 /* .gitignore */; };
		A59519192DEF9754005A4D55 /* Config.xcconfig in Resources */ = {isa = PBXBuildFile; fileRef = A59519152DEF9754005A4D55 /* Config.xcconfig */; };
/* End PBXBuildFile section */

/* Begin PBXContainerItemProxy section */
		A59518BB2DEF213B005A4D55 /* PBXContainerItemProxy */ = {
			isa = PBXContainerItemProxy;
			containerPortal = A59518A32DEF213A005A4D55 /* Project object */;
			proxyType = 1;
			remoteGlobalIDString = A59518AA2DEF213A005A4D55;
			remoteInfo = MPA_ios;
		};
		A59518C52DEF213B005A4D55 /* PBXContainerItemProxy */ = {
			isa = PBXContainerItemProxy;
			containerPortal = A59518A32DEF213A005A4D55 /* Project object */;
			proxyType = 1;
			remoteGlobalIDString = A59518AA2DEF213A005A4D55;
			remoteInfo = MPA_ios;
		};
/* End PBXContainerItemProxy section */

/* Begin PBXFileReference section */
		A53291422E3F810B007E0A89 /* DailyJournalViewModel.swift */ = {isa = PBXFileReference; lastKnownFileType = sourcecode.swift; path = DailyJournalViewModel.swift; sourceTree = "<group>"; };
		A59518AB2DEF213A005A4D55 /* MPA_ios.app */ = {isa = PBXFileReference; explicitFileType = wrapper.application; includeInIndex = 0; path = MPA_ios.app; sourceTree = BUILT_PRODUCTS_DIR; };
		A59518BA2DEF213B005A4D55 /* MPA_iosTests.xctest */ = {isa = PBXFileReference; explicitFileType = wrapper.cfbundle; includeInIndex = 0; path = MPA_iosTests.xctest; sourceTree = BUILT_PRODUCTS_DIR; };
		A59518C42DEF213B005A4D55 /* MPA_iosUITests.xctest */ = {isa = PBXFileReference; explicitFileType = wrapper.cfbundle; includeInIndex = 0; path = MPA_iosUITests.xctest; sourceTree = BUILT_PRODUCTS_DIR; };
		A59519122DEF9754005A4D55 /* .swiftlint.yml */ = {isa = PBXFileReference; lastKnownFileType = text.yaml; path = .swiftlint.yml; sourceTree = "<group>"; };
		A59519132DEF9754005A4D55 /* README.md */ = {isa = PBXFileReference; lastKnownFileType = net.daringfireball.markdown; path = README.md; sourceTree = "<group>"; };
		A59519142DEF9754005A4D55 /* .gitignore */ = {isa = PBXFileReference; lastKnownFileType = text; path = .gitignore; sourceTree = "<group>"; };
		A59519152DEF9754005A4D55 /* Config.xcconfig */ = {isa = PBXFileReference; lastKnownFileType = text.xcconfig; path = Config.xcconfig; sourceTree = "<group>"; };
/* End PBXFileReference section */

/* Begin PBXFileSystemSynchronizedRootGroup section */
		A59518AD2DEF213A005A4D55 /* MPA_ios */ = {
			isa = PBXFileSystemSynchronizedRootGroup;
			path = MPA_ios;
			sourceTree = "<group>";
		};
		A59518BD2DEF213B005A4D55 /* MPA_iosTests */ = {
			isa = PBXFileSystemSynchronizedRootGroup;
			path = MPA_iosTests;
			sourceTree = "<group>";
		};
		A59518C72DEF213B005A4D55 /* MPA_iosUITests */ = {
			isa = PBXFileSystemSynchronizedRootGroup;
			path = MPA_iosUITests;
			sourceTree = "<group>";
		};
/* End PBXFileSystemSynchronizedRootGroup section */

/* Begin PBXFrameworksBuildPhase section */
		A59518A82DEF213A005A4D55 /* Frameworks */ = {
			isa = PBXFrameworksBuildPhase;
			buildActionMask = 2147483647;
			files = (
			);
			runOnlyForDeploymentPostprocessing = 0;
		};
		A59518B72DEF213B005A4D55 /* Frameworks */ = {
			isa = PBXFrameworksBuildPhase;
			buildActionMask = 2147483647;
			files = (
			);
			runOnlyForDeploymentPostprocessing = 0;
		};
		A59518C12DEF213B005A4D55 /* Frameworks */ = {
			isa = PBXFrameworksBuildPhase;
			buildActionMask = 2147483647;
			files = (
			);
			runOnlyForDeploymentPostprocessing = 0;
		};
/* End PBXFrameworksBuildPhase section */

/* Begin PBXGroup section */
		A59518A22DEF213A005A4D55 = {
			isa = PBXGroup;
			children = (
				A53291422E3F810B007E0A89 /* DailyJournalViewModel.swift */,
				A59519122DEF9754005A4D55 /* .swiftlint.yml */,
				A59519132DEF9754005A4D55 /* README.md */,
				A59519142DEF9754005A4D55 /* .gitignore */,
				A59519152DEF9754005A4D55 /* Config.xcconfig */,
				A59518AD2DEF213A005A4D55 /* MPA_ios */,
				A59518BD2DEF213B005A4D55 /* MPA_iosTests */,
				A59518C72DEF213B005A4D55 /* MPA_iosUITests */,
				A59518AC2DEF213A005A4D55 /* Products */,
			);
			sourceTree = "<group>";
		};
		A59518AC2DEF213A005A4D55 /* Products */ = {
			isa = PBXGroup;
			children = (
				A59518AB2DEF213A005A4D55 /* MPA_ios.app */,
				A59518BA2DEF213B005A4D55 /* MPA_iosTests.xctest */,
				A59518C42DEF213B005A4D55 /* MPA_iosUITests.xctest */,
			);
			name = Products;
			sourceTree = "<group>";
		};
/* End PBXGroup section */

/* Begin PBXNativeTarget section */
		A59518AA2DEF213A005A4D55 /* MPA_ios */ = {
			isa = PBXNativeTarget;
			buildConfigurationList = A59518CE2DEF213B005A4D55 /* Build configuration list for PBXNativeTarget "MPA_ios" */;
			buildPhases = (
				A59518A72DEF213A005A4D55 /* Sources */,
				A59518E92DEF234F005A4D55 /* Run SwiftLint */,
				A59518A82DEF213A005A4D55 /* Frameworks */,
				A59518A92DEF213A005A4D55 /* Resources */,
			);
			buildRules = (
			);
			dependencies = (
			);
			fileSystemSynchronizedGroups = (
				A59518AD2DEF213A005A4D55 /* MPA_ios */,
			);
			name = MPA_ios;
			packageProductDependencies = (
			);
			productName = MPA_ios;
			productReference = A59518AB2DEF213A005A4D55 /* MPA_ios.app */;
			productType = "com.apple.product-type.application";
		};
		A59518B92DEF213B005A4D55 /* MPA_iosTests */ = {
			isa = PBXNativeTarget;
			buildConfigurationList = A59518D12DEF213B005A4D55 /* Build configuration list for PBXNativeTarget "MPA_iosTests" */;
			buildPhases = (
				A59518B62DEF213B005A4D55 /* Sources */,
				A59518B72DEF213B005A4D55 /* Frameworks */,
				A59518B82DEF213B005A4D55 /* Resources */,
			);
			buildRules = (
			);
			dependencies = (
				A59518BC2DEF213B005A4D55 /* PBXTargetDependency */,
			);
			fileSystemSynchronizedGroups = (
				A59518BD2DEF213B005A4D55 /* MPA_iosTests */,
			);
			name = MPA_iosTests;
			packageProductDependencies = (
			);
			productName = MPA_iosTests;
			productReference = A59518BA2DEF213B005A4D55 /* MPA_iosTests.xctest */;
			productType = "com.apple.product-type.bundle.unit-test";
		};
		A59518C32DEF213B005A4D55 /* MPA_iosUITests */ = {
			isa = PBXNativeTarget;
			buildConfigurationList = A59518D42DEF213B005A4D55 /* Build configuration list for PBXNativeTarget "MPA_iosUITests" */;
			buildPhases = (
				A59518C02DEF213B005A4D55 /* Sources */,
				A59518C12DEF213B005A4D55 /* Frameworks */,
				A59518C22DEF213B005A4D55 /* Resources */,
			);
			buildRules = (
			);
			dependencies = (
				A59518C62DEF213B005A4D55 /* PBXTargetDependency */,
			);
			fileSystemSynchronizedGroups = (
				A59518C72DEF213B005A4D55 /* MPA_iosUITests */,
			);
			name = MPA_iosUITests;
			packageProductDependencies = (
			);
			productName = MPA_iosUITests;
			productReference = A59518C42DEF213B005A4D55 /* MPA_iosUITests.xctest */;
			productType = "com.apple.product-type.bundle.ui-testing";
		};
/* End PBXNativeTarget section */

/* Begin PBXProject section */
		A59518A32DEF213A005A4D55 /* Project object */ = {
			isa = PBXProject;
			attributes = {
				BuildIndependentTargetsInParallel = 1;
				LastSwiftUpdateCheck = 1640;
				LastUpgradeCheck = 1640;
				TargetAttributes = {
					A59518AA2DEF213A005A4D55 = {
						CreatedOnToolsVersion = 16.4;
					};
					A59518B92DEF213B005A4D55 = {
						CreatedOnToolsVersion = 16.4;
						TestTargetID = A59518AA2DEF213A005A4D55;
					};
					A59518C32DEF213B005A4D55 = {
						CreatedOnToolsVersion = 16.4;
						TestTargetID = A59518AA2DEF213A005A4D55;
					};
				};
			};
			buildConfigurationList = A59518A62DEF213A005A4D55 /* Build configuration list for PBXProject "MPA_ios" */;
			developmentRegion = en;
			hasScannedForEncodings = 0;
			knownRegions = (
				en,
				Base,
			);
			mainGroup = A59518A22DEF213A005A4D55;
			minimizedProjectReferenceProxies = 1;
			packageReferences = (
				A59518EA2DEF2369005A4D55 /* XCRemoteSwiftPackageReference "SwiftLintPlugins" */,
			);
			preferredProjectObjectVersion = 77;
			productRefGroup = A59518AC2DEF213A005A4D55 /* Products */;
			projectDirPath = "";
			projectRoot = "";
			targets = (
				A59518AA2DEF213A005A4D55 /* MPA_ios */,
				A59518B92DEF213B005A4D55 /* MPA_iosTests */,
				A59518C32DEF213B005A4D55 /* MPA_iosUITests */,
			);
		};
/* End PBXProject section */

/* Begin PBXResourcesBuildPhase section */
		A59518A92DEF213A005A4D55 /* Resources */ = {
			isa = PBXResourcesBuildPhase;
			buildActionMask = 2147483647;
			files = (
				A59519162DEF9754005A4D55 /* .swiftlint.yml in Resources */,
				A59519172DEF9754005A4D55 /* README.md in Resources */,
				A59519182DEF9754005A4D55 /* .gitignore in Resources */,
				A59519192DEF9754005A4D55 /* Config.xcconfig in Resources */,
			);
			runOnlyForDeploymentPostprocessing = 0;
		};
		A59518B82DEF213B005A4D55 /* Resources */ = {
			isa = PBXResourcesBuildPhase;
			buildActionMask = 2147483647;
			files = (
			);
			runOnlyForDeploymentPostprocessing = 0;
		};
		A59518C22DEF213B005A4D55 /* Resources */ = {
			isa = PBXResourcesBuildPhase;
			buildActionMask = 2147483647;
			files = (
			);
			runOnlyForDeploymentPostprocessing = 0;
		};
/* End PBXResourcesBuildPhase section */

/* Begin PBXShellScriptBuildPhase section */
		A59518E92DEF234F005A4D55 /* Run SwiftLint */ = {
			isa = PBXShellScriptBuildPhase;
			buildActionMask = 2147483647;
			files = (
			);
			inputFileListPaths = (
			);
			inputPaths = (
			);
			name = "Run SwiftLint";
			outputFileListPaths = (
			);
			outputPaths = (
			);
			runOnlyForDeploymentPostprocessing = 0;
			shellPath = /bin/sh;
			shellScript = "# Type a script or drag a script file from your workspace to insert its path.\nif [[ \"$(uname -m)\" == arm64 ]]; then\n    export PATH=\"/opt/homebrew/bin:$PATH\"\nfi\n\nif which swiftlint >/dev/null; then\n  swiftlint > \"${BUILT_PRODUCTS_DIR}/swiftlint.log\"\nelse\n  echo \"warning: SwiftLint not installed, download from https://github.com/realm/SwiftLint\"\nfi\n";
		};
/* End PBXShellScriptBuildPhase section */

/* Begin PBXSourcesBuildPhase section */
		A59518A72DEF213A005A4D55 /* Sources */ = {
			isa = PBXSourcesBuildPhase;
			buildActionMask = 2147483647;
			files = (
				A53291432E3F810B007E0A89 /* DailyJournalViewModel.swift in Sources */,
			);
			runOnlyForDeploymentPostprocessing = 0;
		};
		A59518B62DEF213B005A4D55 /* Sources */ = {
			isa = PBXSourcesBuildPhase;
			buildActionMask = 2147483647;
			files = (
			);
			runOnlyForDeploymentPostprocessing = 0;
		};
		A59518C02DEF213B005A4D55 /* Sources */ = {
			isa = PBXSourcesBuildPhase;
			buildActionMask = 2147483647;
			files = (
			);
			runOnlyForDeploymentPostprocessing = 0;
		};
/* End PBXSourcesBuildPhase section */

/* Begin PBXTargetDependency section */
		A59518BC2DEF213B005A4D55 /* PBXTargetDependency */ = {
			isa = PBXTargetDependency;
			target = A59518AA2DEF213A005A4D55 /* MPA_ios */;
			targetProxy = A59518BB2DEF213B005A4D55 /* PBXContainerItemProxy */;
		};
		A59518C62DEF213B005A4D55 /* PBXTargetDependency */ = {
			isa = PBXTargetDependency;
			target = A59518AA2DEF213A005A4D55 /* MPA_ios */;
			targetProxy = A59518C52DEF213B005A4D55 /* PBXContainerItemProxy */;
		};
/* End PBXTargetDependency section */

/* Begin XCBuildConfiguration section */
		A59518CC2DEF213B005A4D55 /* Debug */ = {
			isa = XCBuildConfiguration;
			buildSettings = {
				ALWAYS_SEARCH_USER_PATHS = NO;
				ASSETCATALOG_COMPILER_GENERATE_SWIFT_ASSET_SYMBOL_EXTENSIONS = YES;
				CLANG_ANALYZER_NONNULL = YES;
				CLANG_ANALYZER_NUMBER_OBJECT_CONVERSION = YES_AGGRESSIVE;
				CLANG_CXX_LANGUAGE_STANDARD = "gnu++20";
				CLANG_ENABLE_MODULES = YES;
				CLANG_ENABLE_OBJC_ARC = YES;
				CLANG_ENABLE_OBJC_WEAK = YES;
				CLANG_WARN_BLOCK_CAPTURE_AUTORELEASING = YES;
				CLANG_WARN_BOOL_CONVERSION = YES;
				CLANG_WARN_COMMA = YES;
				CLANG_WARN_CONSTANT_CONVERSION = YES;
				CLANG_WARN_DEPRECATED_OBJC_IMPLEMENTATIONS = YES;
				CLANG_WARN_DIRECT_OBJC_ISA_USAGE = YES_ERROR;
				CLANG_WARN_DOCUMENTATION_COMMENTS = YES;
				CLANG_WARN_EMPTY_BODY = YES;
				CLANG_WARN_ENUM_CONVERSION = YES;
				CLANG_WARN_INFINITE_RECURSION = YES;
				CLANG_WARN_INT_CONVERSION = YES;
				CLANG_WARN_NON_LITERAL_NULL_CONVERSION = YES;
				CLANG_WARN_OBJC_IMPLICIT_RETAIN_SELF = YES;
				CLANG_WARN_OBJC_LITERAL_CONVERSION = YES;
				CLANG_WARN_OBJC_ROOT_CLASS = YES_ERROR;
				CLANG_WARN_QUOTED_INCLUDE_IN_FRAMEWORK_HEADER = YES;
				CLANG_WARN_RANGE_LOOP_ANALYSIS = YES;
				CLANG_WARN_STRICT_PROTOTYPES = YES;
				CLANG_WARN_SUSPICIOUS_MOVE = YES;
				CLANG_WARN_UNGUARDED_AVAILABILITY = YES_AGGRESSIVE;
				CLANG_WARN_UNREACHABLE_CODE = YES;
				CLANG_WARN__DUPLICATE_METHOD_MATCH = YES;
				COPY_PHASE_STRIP = NO;
				DEBUG_INFORMATION_FORMAT = dwarf;
				DEVELOPMENT_TEAM = L3ZPWB4HNK;
				ENABLE_STRICT_OBJC_MSGSEND = YES;
				ENABLE_TESTABILITY = YES;
				ENABLE_USER_SCRIPT_SANDBOXING = YES;
				GCC_C_LANGUAGE_STANDARD = gnu17;
				GCC_DYNAMIC_NO_PIC = NO;
				GCC_NO_COMMON_BLOCKS = YES;
				GCC_OPTIMIZATION_LEVEL = 0;
				GCC_PREPROCESSOR_DEFINITIONS = (
					"DEBUG=1",
					"$(inherited)",
				);
				GCC_WARN_64_TO_32_BIT_CONVERSION = YES;
				GCC_WARN_ABOUT_RETURN_TYPE = YES_ERROR;
				GCC_WARN_UNDECLARED_SELECTOR = YES;
				GCC_WARN_UNINITIALIZED_AUTOS = YES_AGGRESSIVE;
				GCC_WARN_UNUSED_FUNCTION = YES;
				GCC_WARN_UNUSED_VARIABLE = YES;
				IPHONEOS_DEPLOYMENT_TARGET = 18.5;
				LOCALIZATION_PREFERS_STRING_CATALOGS = YES;
				MTL_ENABLE_DEBUG_INFO = INCLUDE_SOURCE;
				MTL_FAST_MATH = YES;
				ONLY_ACTIVE_ARCH = YES;
				SDKROOT = iphoneos;
				SWIFT_ACTIVE_COMPILATION_CONDITIONS = "DEBUG $(inherited)";
				SWIFT_OPTIMIZATION_LEVEL = "-Onone";
			};
			name = Debug;
		};
		A59518CD2DEF213B005A4D55 /* Release */ = {
			isa = XCBuildConfiguration;
			buildSettings = {
				ALWAYS_SEARCH_USER_PATHS = NO;
				ASSETCATALOG_COMPILER_GENERATE_SWIFT_ASSET_SYMBOL_EXTENSIONS = YES;
				CLANG_ANALYZER_NONNULL = YES;
				CLANG_ANALYZER_NUMBER_OBJECT_CONVERSION = YES_AGGRESSIVE;
				CLANG_CXX_LANGUAGE_STANDARD = "gnu++20";
				CLANG_ENABLE_MODULES = YES;
				CLANG_ENABLE_OBJC_ARC = YES;
				CLANG_ENABLE_OBJC_WEAK = YES;
				CLANG_WARN_BLOCK_CAPTURE_AUTORELEASING = YES;
				CLANG_WARN_BOOL_CONVERSION = YES;
				CLANG_WARN_COMMA = YES;
				CLANG_WARN_CONSTANT_CONVERSION = YES;
				CLANG_WARN_DEPRECATED_OBJC_IMPLEMENTATIONS = YES;
				CLANG_WARN_DIRECT_OBJC_ISA_USAGE = YES_ERROR;
				CLANG_WARN_DOCUMENTATION_COMMENTS = YES;
				CLANG_WARN_EMPTY_BODY = YES;
				CLANG_WARN_ENUM_CONVERSION = YES;
				CLANG_WARN_INFINITE_RECURSION = YES;
				CLANG_WARN_INT_CONVERSION = YES;
				CLANG_WARN_NON_LITERAL_NULL_CONVERSION = YES;
				CLANG_WARN_OBJC_IMPLICIT_RETAIN_SELF = YES;
				CLANG_WARN_OBJC_LITERAL_CONVERSION = YES;
				CLANG_WARN_OBJC_ROOT_CLASS = YES_ERROR;
				CLANG_WARN_QUOTED_INCLUDE_IN_FRAMEWORK_HEADER = YES;
				CLANG_WARN_RANGE_LOOP_ANALYSIS = YES;
				CLANG_WARN_STRICT_PROTOTYPES = YES;
				CLANG_WARN_SUSPICIOUS_MOVE = YES;
				CLANG_WARN_UNGUARDED_AVAILABILITY = YES_AGGRESSIVE;
				CLANG_WARN_UNREACHABLE_CODE = YES;
				CLANG_WARN__DUPLICATE_METHOD_MATCH = YES;
				COPY_PHASE_STRIP = NO;
				DEBUG_INFORMATION_FORMAT = "dwarf-with-dsym";
				DEVELOPMENT_TEAM = L3ZPWB4HNK;
				ENABLE_NS_ASSERTIONS = NO;
				ENABLE_STRICT_OBJC_MSGSEND = YES;
				ENABLE_USER_SCRIPT_SANDBOXING = YES;
				GCC_C_LANGUAGE_STANDARD = gnu17;
				GCC_NO_COMMON_BLOCKS = YES;
				GCC_WARN_64_TO_32_BIT_CONVERSION = YES;
				GCC_WARN_ABOUT_RETURN_TYPE = YES_ERROR;
				GCC_WARN_UNDECLARED_SELECTOR = YES;
				GCC_WARN_UNINITIALIZED_AUTOS = YES_AGGRESSIVE;
				GCC_WARN_UNUSED_FUNCTION = YES;
				GCC_WARN_UNUSED_VARIABLE = YES;
				IPHONEOS_DEPLOYMENT_TARGET = 18.5;
				LOCALIZATION_PREFERS_STRING_CATALOGS = YES;
				MTL_ENABLE_DEBUG_INFO = NO;
				MTL_FAST_MATH = YES;
				SDKROOT = iphoneos;
				SWIFT_COMPILATION_MODE = wholemodule;
				VALIDATE_PRODUCT = YES;
			};
			name = Release;
		};
		A59518CF2DEF213B005A4D55 /* Debug */ = {
			isa = XCBuildConfiguration;
			buildSettings = {
				ASSETCATALOG_COMPILER_APPICON_NAME = AppIcon;
				ASSETCATALOG_COMPILER_GLOBAL_ACCENT_COLOR_NAME = AccentColor;
				CODE_SIGN_STYLE = Automatic;
				CURRENT_PROJECT_VERSION = 1;
				DEVELOPMENT_TEAM = L3ZPWB4HNK;
				ENABLE_PREVIEWS = YES;
				GENERATE_INFOPLIST_FILE = YES;
				INFOPLIST_KEY_CFBundleDisplayName = MPA;
				INFOPLIST_KEY_LSApplicationCategoryType = "public.app-category.productivity";
				INFOPLIST_KEY_UIApplicationSceneManifest_Generation = YES;
				INFOPLIST_KEY_UIApplicationSupportsIndirectInputEvents = YES;
				INFOPLIST_KEY_UILaunchScreen_Generation = YES;
				INFOPLIST_KEY_UISupportedInterfaceOrientations_iPad = "UIInterfaceOrientationPortrait UIInterfaceOrientationPortraitUpsideDown UIInterfaceOrientationLandscapeLeft UIInterfaceOrientationLandscapeRight";
				INFOPLIST_KEY_UISupportedInterfaceOrientations_iPhone = "UIInterfaceOrientationPortrait UIInterfaceOrientationLandscapeLeft UIInterfaceOrientationLandscapeRight";
				IPHONEOS_DEPLOYMENT_TARGET = 26.0;
				LD_RUNPATH_SEARCH_PATHS = (
					"$(inherited)",
					"@executable_path/Frameworks",
				);
				MARKETING_VERSION = 1.0;
				PRODUCT_BUNDLE_IDENTIFIER = "com.sanghwiback.MPA-ios";
				PRODUCT_NAME = "$(TARGET_NAME)";
				SUPPORTED_PLATFORMS = "iphoneos iphonesimulator";
				SUPPORTS_MACCATALYST = NO;
				SUPPORTS_MAC_DESIGNED_FOR_IPHONE_IPAD = NO;
				SUPPORTS_XR_DESIGNED_FOR_IPHONE_IPAD = NO;
				SWIFT_EMIT_LOC_STRINGS = YES;
				SWIFT_VERSION = 5.0;
				TARGETED_DEVICE_FAMILY = "1,2";
			};
			name = Debug;
		};
		A59518D02DEF213B005A4D55 /* Release */ = {
			isa = XCBuildConfiguration;
			buildSettings = {
				ASSETCATALOG_COMPILER_APPICON_NAME = AppIcon;
				ASSETCATALOG_COMPILER_GLOBAL_ACCENT_COLOR_NAME = AccentColor;
				CODE_SIGN_STYLE = Automatic;
				CURRENT_PROJECT_VERSION = 1;
				DEVELOPMENT_TEAM = L3ZPWB4HNK;
				ENABLE_PREVIEWS = YES;
				GENERATE_INFOPLIST_FILE = YES;
				INFOPLIST_KEY_CFBundleDisplayName = MPA;
				INFOPLIST_KEY_LSApplicationCategoryType = "public.app-category.productivity";
				INFOPLIST_KEY_UIApplicationSceneManifest_Generation = YES;
				INFOPLIST_KEY_UIApplicationSupportsIndirectInputEvents = YES;
				INFOPLIST_KEY_UILaunchScreen_Generation = YES;
				INFOPLIST_KEY_UISupportedInterfaceOrientations_iPad = "UIInterfaceOrientationPortrait UIInterfaceOrientationPortraitUpsideDown UIInterfaceOrientationLandscapeLeft UIInterfaceOrientationLandscapeRight";
				INFOPLIST_KEY_UISupportedInterfaceOrientations_iPhone = "UIInterfaceOrientationPortrait UIInterfaceOrientationLandscapeLeft UIInterfaceOrientationLandscapeRight";
				IPHONEOS_DEPLOYMENT_TARGET = 26.0;
				LD_RUNPATH_SEARCH_PATHS = (
					"$(inherited)",
					"@executable_path/Frameworks",
				);
				MARKETING_VERSION = 1.0;
				PRODUCT_BUNDLE_IDENTIFIER = "com.sanghwiback.MPA-ios";
				PRODUCT_NAME = "$(TARGET_NAME)";
				SUPPORTED_PLATFORMS = "iphoneos iphonesimulator";
				SUPPORTS_MACCATALYST = NO;
				SUPPORTS_MAC_DESIGNED_FOR_IPHONE_IPAD = NO;
				SUPPORTS_XR_DESIGNED_FOR_IPHONE_IPAD = NO;
				SWIFT_EMIT_LOC_STRINGS = YES;
				SWIFT_VERSION = 5.0;
				TARGETED_DEVICE_FAMILY = "1,2";
			};
			name = Release;
		};
		A59518D22DEF213B005A4D55 /* Debug */ = {
			isa = XCBuildConfiguration;
			buildSettings = {
				BUNDLE_LOADER = "$(TEST_HOST)";
				CODE_SIGN_STYLE = Automatic;
				CURRENT_PROJECT_VERSION = 1;
				DEVELOPMENT_TEAM = L3ZPWB4HNK;
				GENERATE_INFOPLIST_FILE = YES;
				IPHONEOS_DEPLOYMENT_TARGET = 26.0;
				MARKETING_VERSION = 1.0;
				PRODUCT_BUNDLE_IDENTIFIER = "com.sanghwiback.MPA-iosTests";
				PRODUCT_NAME = "$(TARGET_NAME)";
				SWIFT_EMIT_LOC_STRINGS = NO;
				SWIFT_VERSION = 5.0;
				TARGETED_DEVICE_FAMILY = "1,2";
				TEST_HOST = "$(BUILT_PRODUCTS_DIR)/MPA_ios.app/$(BUNDLE_EXECUTABLE_FOLDER_PATH)/MPA_ios";
			};
			name = Debug;
		};
		A59518D32DEF213B005A4D55 /* Release */ = {
			isa = XCBuildConfiguration;
			buildSettings = {
				BUNDLE_LOADER = "$(TEST_HOST)";
				CODE_SIGN_STYLE = Automatic;
				CURRENT_PROJECT_VERSION = 1;
				DEVELOPMENT_TEAM = L3ZPWB4HNK;
				GENERATE_INFOPLIST_FILE = YES;
				IPHONEOS_DEPLOYMENT_TARGET = 26.0;
				MARKETING_VERSION = 1.0;
				PRODUCT_BUNDLE_IDENTIFIER = "com.sanghwiback.MPA-iosTests";
				PRODUCT_NAME = "$(TARGET_NAME)";
				SWIFT_EMIT_LOC_STRINGS = NO;
				SWIFT_VERSION = 5.0;
				TARGETED_DEVICE_FAMILY = "1,2";
				TEST_HOST = "$(BUILT_PRODUCTS_DIR)/MPA_ios.app/$(BUNDLE_EXECUTABLE_FOLDER_PATH)/MPA_ios";
			};
			name = Release;
		};
		A59518D52DEF213B005A4D55 /* Debug */ = {
			isa = XCBuildConfiguration;
			buildSettings = {
				CODE_SIGN_STYLE = Automatic;
				CURRENT_PROJECT_VERSION = 1;
				DEVELOPMENT_TEAM = L3ZPWB4HNK;
				GENERATE_INFOPLIST_FILE = YES;
				IPHONEOS_DEPLOYMENT_TARGET = 26.0;
				MARKETING_VERSION = 1.0;
				PRODUCT_BUNDLE_IDENTIFIER = "com.sanghwiback.MPA-iosUITests";
				PRODUCT_NAME = "$(TARGET_NAME)";
				SWIFT_EMIT_LOC_STRINGS = NO;
				SWIFT_VERSION = 5.0;
				TARGETED_DEVICE_FAMILY = "1,2";
				TEST_TARGET_NAME = MPA_ios;
			};
			name = Debug;
		};
		A59518D62DEF213B005A4D55 /* Release */ = {
			isa = XCBuildConfiguration;
			buildSettings = {
				CODE_SIGN_STYLE = Automatic;
				CURRENT_PROJECT_VERSION = 1;
				DEVELOPMENT_TEAM = L3ZPWB4HNK;
				GENERATE_INFOPLIST_FILE = YES;
				IPHONEOS_DEPLOYMENT_TARGET = 26.0;
				MARKETING_VERSION = 1.0;
				PRODUCT_BUNDLE_IDENTIFIER = "com.sanghwiback.MPA-iosUITests";
				PRODUCT_NAME = "$(TARGET_NAME)";
				SWIFT_EMIT_LOC_STRINGS = NO;
				SWIFT_VERSION = 5.0;
				TARGETED_DEVICE_FAMILY = "1,2";
				TEST_TARGET_NAME = MPA_ios;
			};
			name = Release;
		};
/* End XCBuildConfiguration section */

/* Begin XCConfigurationList section */
		A59518A62DEF213A005A4D55 /* Build configuration list for PBXProject "MPA_ios" */ = {
			isa = XCConfigurationList;
			buildConfigurations = (
				A59518CC2DEF213B005A4D55 /* Debug */,
				A59518CD2DEF213B005A4D55 /* Release */,
			);
			defaultConfigurationIsVisible = 0;
			defaultConfigurationName = Release;
		};
		A59518CE2DEF213B005A4D55 /* Build configuration list for PBXNativeTarget "MPA_ios" */ = {
			isa = XCConfigurationList;
			buildConfigurations = (
				A59518CF2DEF213B005A4D55 /* Debug */,
				A59518D02DEF213B005A4D55 /* Release */,
			);
			defaultConfigurationIsVisible = 0;
			defaultConfigurationName = Release;
		};
		A59518D12DEF213B005A4D55 /* Build configuration list for PBXNativeTarget "MPA_iosTests" */ = {
			isa = XCConfigurationList;
			buildConfigurations = (
				A59518D22DEF213B005A4D55 /* Debug */,
				A59518D32DEF213B005A4D55 /* Release */,
			);
			defaultConfigurationIsVisible = 0;
			defaultConfigurationName = Release;
		};
		A59518D42DEF213B005A4D55 /* Build configuration list for PBXNativeTarget "MPA_iosUITests" */ = {
			isa = XCConfigurationList;
			buildConfigurations = (
				A59518D52DEF213B005A4D55 /* Debug */,
				A59518D62DEF213B005A4D55 /* Release */,
			);
			defaultConfigurationIsVisible = 0;
			defaultConfigurationName = Release;
		};
/* End XCConfigurationList section */

/* Begin XCRemoteSwiftPackageReference section */
		A59518EA2DEF2369005A4D55 /* XCRemoteSwiftPackageReference "SwiftLintPlugins" */ = {
			isa = XCRemoteSwiftPackageReference;
			repositoryURL = "https://github.com/SimplyDanny/SwiftLintPlugins";
			requirement = {
				kind = upToNextMajorVersion;
				minimumVersion = 0.59.1;
			};
		};
/* End XCRemoteSwiftPackageReference section */
	};
	rootObject = A59518A32DEF213A005A4D55 /* Project object */;
}
