// !$*UTF8*$!
{
	archiveVersion = 1;
	classes = {
	};
	objectVersion = 77;
	objects = {

/* Begin PBXBuildFile section */
		1B57CACF2DE553C50002249D /* README.md in Resources */ = {isa = PBXBuildFile; fileRef = 1B57CACE2DE553C50002249D /* README.md */; };
		1B57CAD22DE555300002249D /* .gitignore in Resources */ = {isa = PBXBuildFile; fileRef = 1B57CAD12DE5552F0002249D /* .gitignore */; };
		1B57CAD62DE555D60002249D /* Config.xcconfig in Resources */ = {isa = PBXBuildFile; fileRef = 1B57CAD52DE555D60002249D /* Config.xcconfig */; };
		1B57CAD72DE555D60002249D /* Config.xcconfig in Resources */ = {isa = PBXBuildFile; fileRef = 1B57CAD52DE555D60002249D /* Config.xcconfig */; };
		1B57CAD82DE555D60002249D /* Config.xcconfig in Resources */ = {isa = PBXBuildFile; fileRef = 1B57CAD52DE555D60002249D /* Config.xcconfig */; };
/* End PBXBuildFile section */

/* Begin PBXContainerItemProxy section */
		1B57CAA12DE54F100002249D /* PBXContainerItemProxy */ = {
			isa = PBXContainerItemProxy;
			containerPortal = 1B57CA862DE54F0E0002249D /* Project object */;
			proxyType = 1;
			remoteGlobalIDString = 1B57CA8D2DE54F0E0002249D;
			remoteInfo = MyLocalMarketiOS;
		};
		1B57CAAB2DE54F100002249D /* PBXContainerItemProxy */ = {
			isa = PBXContainerItemProxy;
			containerPortal = 1B57CA862DE54F0E0002249D /* Project object */;
			proxyType = 1;
			remoteGlobalIDString = 1B57CA8D2DE54F0E0002249D;
			remoteInfo = MyLocalMarketiOS;
		};
/* End PBXContainerItemProxy section */

/* Begin PBXFileReference section */
		1B57CA8E2DE54F0E0002249D /* MyLocalMarketiOS.app */ = {isa = PBXFileReference; explicitFileType = wrapper.application; includeInIndex = 0; path = MyLocalMarketiOS.app; sourceTree = BUILT_PRODUCTS_DIR; };
		1B57CAA02DE54F100002249D /* MyLocalMarketiOSTests.xctest */ = {isa = PBXFileReference; explicitFileType = wrapper.cfbundle; includeInIndex = 0; path = MyLocalMarketiOSTests.xctest; sourceTree = BUILT_PRODUCTS_DIR; };
		1B57CAAA2DE54F100002249D /* MyLocalMarketiOSUITests.xctest */ = {isa = PBXFileReference; explicitFileType = wrapper.cfbundle; includeInIndex = 0; path = MyLocalMarketiOSUITests.xctest; sourceTree = BUILT_PRODUCTS_DIR; };
		1B57CACE2DE553C50002249D /* README.md */ = {isa = PBXFileReference; lastKnownFileType = net.daringfireball.markdown; path = README.md; sourceTree = "<group>"; };
		1B57CAD12DE5552F0002249D /* .gitignore */ = {isa = PBXFileReference; lastKnownFileType = text; path = .gitignore; sourceTree = "<group>"; };
		1B57CAD52DE555D60002249D /* Config.xcconfig */ = {isa = PBXFileReference; lastKnownFileType = text.xcconfig; path = Config.xcconfig; sourceTree = "<group>"; };
/* End PBXFileReference section */

/* Begin PBXFileSystemSynchronizedRootGroup section */
		1B57CA902DE54F0E0002249D /* MyLocalMarketiOS */ = {
			isa = PBXFileSystemSynchronizedRootGroup;
			path = MyLocalMarketiOS;
			sourceTree = "<group>";
		};
		1B57CAA32DE54F100002249D /* MyLocalMarketiOSTests */ = {
			isa = PBXFileSystemSynchronizedRootGroup;
			path = MyLocalMarketiOSTests;
			sourceTree = "<group>";
		};
		1B57CAAD2DE54F100002249D /* MyLocalMarketiOSUITests */ = {
			isa = PBXFileSystemSynchronizedRootGroup;
			path = MyLocalMarketiOSUITests;
			sourceTree = "<group>";
		};
/* End PBXFileSystemSynchronizedRootGroup section */

/* Begin PBXFrameworksBuildPhase section */
		1B57CA8B2DE54F0E0002249D /* Frameworks */ = {
			isa = PBXFrameworksBuildPhase;
			buildActionMask = 2147483647;
			files = (
			);
			runOnlyForDeploymentPostprocessing = 0;
		};
		1B57CA9D2DE54F100002249D /* Frameworks */ = {
			isa = PBXFrameworksBuildPhase;
			buildActionMask = 2147483647;
			files = (
			);
			runOnlyForDeploymentPostprocessing = 0;
		};
		1B57CAA72DE54F100002249D /* Frameworks */ = {
			isa = PBXFrameworksBuildPhase;
			buildActionMask = 2147483647;
			files = (
			);
			runOnlyForDeploymentPostprocessing = 0;
		};
/* End PBXFrameworksBuildPhase section */

/* Begin PBXGroup section */
		1B57CA852DE54F0E0002249D = {
			isa = PBXGroup;
			children = (
				1B57CACE2DE553C50002249D /* README.md */,
				1B57CAD12DE5552F0002249D /* .gitignore */,
				1B57CAD52DE555D60002249D /* Config.xcconfig */,
				1B57CA902DE54F0E0002249D /* MyLocalMarketiOS */,
				1B57CAA32DE54F100002249D /* MyLocalMarketiOSTests */,
				1B57CAAD2DE54F100002249D /* MyLocalMarketiOSUITests */,
				1B57CA8F2DE54F0E0002249D /* Products */,
			);
			sourceTree = "<group>";
		};
		1B57CA8F2DE54F0E0002249D /* Products */ = {
			isa = PBXGroup;
			children = (
				1B57CA8E2DE54F0E0002249D /* MyLocalMarketiOS.app */,
				1B57CAA02DE54F100002249D /* MyLocalMarketiOSTests.xctest */,
				1B57CAAA2DE54F100002249D /* MyLocalMarketiOSUITests.xctest */,
			);
			name = Products;
			sourceTree = "<group>";
		};
/* End PBXGroup section */

/* Begin PBXNativeTarget section */
		1B57CA8D2DE54F0E0002249D /* MyLocalMarketiOS */ = {
			isa = PBXNativeTarget;
			buildConfigurationList = 1B57CAB42DE54F100002249D /* Build configuration list for PBXNativeTarget "MyLocalMarketiOS" */;
			buildPhases = (
				1B57CA8A2DE54F0E0002249D /* Sources */,
				1B57CA8B2DE54F0E0002249D /* Frameworks */,
				1B57CA8C2DE54F0E0002249D /* Resources */,
			);
			buildRules = (
			);
			dependencies = (
			);
			fileSystemSynchronizedGroups = (
				1B57CA902DE54F0E0002249D /* MyLocalMarketiOS */,
			);
			name = MyLocalMarketiOS;
			packageProductDependencies = (
			);
			productName = MyLocalMarketiOS;
			productReference = 1B57CA8E2DE54F0E0002249D /* MyLocalMarketiOS.app */;
			productType = "com.apple.product-type.application";
		};
		1B57CA9F2DE54F100002249D /* MyLocalMarketiOSTests */ = {
			isa = PBXNativeTarget;
			buildConfigurationList = 1B57CAB72DE54F100002249D /* Build configuration list for PBXNativeTarget "MyLocalMarketiOSTests" */;
			buildPhases = (
				1B57CA9C2DE54F100002249D /* Sources */,
				1B57CA9D2DE54F100002249D /* Frameworks */,
				1B57CA9E2DE54F100002249D /* Resources */,
			);
			buildRules = (
			);
			dependencies = (
				1B57CAA22DE54F100002249D /* PBXTargetDependency */,
			);
			fileSystemSynchronizedGroups = (
				1B57CAA32DE54F100002249D /* MyLocalMarketiOSTests */,
			);
			name = MyLocalMarketiOSTests;
			packageProductDependencies = (
			);
			productName = MyLocalMarketiOSTests;
			productReference = 1B57CAA02DE54F100002249D /* MyLocalMarketiOSTests.xctest */;
			productType = "com.apple.product-type.bundle.unit-test";
		};
		1B57CAA92DE54F100002249D /* MyLocalMarketiOSUITests */ = {
			isa = PBXNativeTarget;
			buildConfigurationList = 1B57CABA2DE54F100002249D /* Build configuration list for PBXNativeTarget "MyLocalMarketiOSUITests" */;
			buildPhases = (
				1B57CAA62DE54F100002249D /* Sources */,
				1B57CAA72DE54F100002249D /* Frameworks */,
				1B57CAA82DE54F100002249D /* Resources */,
			);
			buildRules = (
			);
			dependencies = (
				1B57CAAC2DE54F100002249D /* PBXTargetDependency */,
			);
			fileSystemSynchronizedGroups = (
				1B57CAAD2DE54F100002249D /* MyLocalMarketiOSUITests */,
			);
			name = MyLocalMarketiOSUITests;
			packageProductDependencies = (
			);
			productName = MyLocalMarketiOSUITests;
			productReference = 1B57CAAA2DE54F100002249D /* MyLocalMarketiOSUITests.xctest */;
			productType = "com.apple.product-type.bundle.ui-testing";
		};
/* End PBXNativeTarget section */

/* Begin PBXProject section */
		1B57CA862DE54F0E0002249D /* Project object */ = {
			isa = PBXProject;
			attributes = {
				BuildIndependentTargetsInParallel = 1;
				LastSwiftUpdateCheck = 1620;
				LastUpgradeCheck = 1620;
				TargetAttributes = {
					1B57CA8D2DE54F0E0002249D = {
						CreatedOnToolsVersion = 16.2;
					};
					1B57CA9F2DE54F100002249D = {
						CreatedOnToolsVersion = 16.2;
						TestTargetID = 1B57CA8D2DE54F0E0002249D;
					};
					1B57CAA92DE54F100002249D = {
						CreatedOnToolsVersion = 16.2;
						TestTargetID = 1B57CA8D2DE54F0E0002249D;
					};
				};
			};
			buildConfigurationList = 1B57CA892DE54F0E0002249D /* Build configuration list for PBXProject "MyLocalMarketiOS" */;
			developmentRegion = en;
			hasScannedForEncodings = 0;
			knownRegions = (
				en,
				Base,
			);
			mainGroup = 1B57CA852DE54F0E0002249D;
			minimizedProjectReferenceProxies = 1;
			preferredProjectObjectVersion = 77;
			productRefGroup = 1B57CA8F2DE54F0E0002249D /* Products */;
			projectDirPath = "";
			projectRoot = "";
			targets = (
				1B57CA8D2DE54F0E0002249D /* MyLocalMarketiOS */,
				1B57CA9F2DE54F100002249D /* MyLocalMarketiOSTests */,
				1B57CAA92DE54F100002249D /* MyLocalMarketiOSUITests */,
			);
		};
/* End PBXProject section */

/* Begin PBXResourcesBuildPhase section */
		1B57CA8C2DE54F0E0002249D /* Resources */ = {
			isa = PBXResourcesBuildPhase;
			buildActionMask = 2147483647;
			files = (
				1B57CAD22DE555300002249D /* .gitignore in Resources */,
				1B57CACF2DE553C50002249D /* README.md in Resources */,
				1B57CAD62DE555D60002249D /* Config.xcconfig in Resources */,
			);
			runOnlyForDeploymentPostprocessing = 0;
		};
		1B57CA9E2DE54F100002249D /* Resources */ = {
			isa = PBXResourcesBuildPhase;
			buildActionMask = 2147483647;
			files = (
				1B57CAD72DE555D60002249D /* Config.xcconfig in Resources */,
			);
			runOnlyForDeploymentPostprocessing = 0;
		};
		1B57CAA82DE54F100002249D /* Resources */ = {
			isa = PBXResourcesBuildPhase;
			buildActionMask = 2147483647;
			files = (
				1B57CAD82DE555D60002249D /* Config.xcconfig in Resources */,
			);
			runOnlyForDeploymentPostprocessing = 0;
		};
/* End PBXResourcesBuildPhase section */

/* Begin PBXSourcesBuildPhase section */
		1B57CA8A2DE54F0E0002249D /* Sources */ = {
			isa = PBXSourcesBuildPhase;
			buildActionMask = 2147483647;
			files = (
			);
			runOnlyForDeploymentPostprocessing = 0;
		};
		1B57CA9C2DE54F100002249D /* Sources */ = {
			isa = PBXSourcesBuildPhase;
			buildActionMask = 2147483647;
			files = (
			);
			runOnlyForDeploymentPostprocessing = 0;
		};
		1B57CAA62DE54F100002249D /* Sources */ = {
			isa = PBXSourcesBuildPhase;
			buildActionMask = 2147483647;
			files = (
			);
			runOnlyForDeploymentPostprocessing = 0;
		};
/* End PBXSourcesBuildPhase section */

/* Begin PBXTargetDependency section */
		1B57CAA22DE54F100002249D /* PBXTargetDependency */ = {
			isa = PBXTargetDependency;
			target = 1B57CA8D2DE54F0E0002249D /* MyLocalMarketiOS */;
			targetProxy = 1B57CAA12DE54F100002249D /* PBXContainerItemProxy */;
		};
		1B57CAAC2DE54F100002249D /* PBXTargetDependency */ = {
			isa = PBXTargetDependency;
			target = 1B57CA8D2DE54F0E0002249D /* MyLocalMarketiOS */;
			targetProxy = 1B57CAAB2DE54F100002249D /* PBXContainerItemProxy */;
		};
/* End PBXTargetDependency section */

/* Begin XCBuildConfiguration section */
		1B57CAB22DE54F100002249D /* Debug */ = {
			isa = XCBuildConfiguration;
			buildSettings = {
				ALWAYS_SEARCH_USER_PATHS = NO;
				ASSETCATALOG_COMPILER_GENERATE_SWIFT_ASSET_SYMBOL_EXTENSIONS = YES;
				CLANG_ANALYZER_NONNULL = YES;
				CLANG_ANALYZER_NUMBER_OBJECT_CONVERSION = YES_AGGRESSIVE;
				CLANG_CXX_LANGUAGE_STANDARD = "gnu++20";
				CLANG_ENABLE_MODULES = YES;
				CLANG_ENABLE_OBJC_ARC = YES;
				CLANG_ENABLE_OBJC_WEAK = YES;
				CLANG_WARN_BLOCK_CAPTURE_AUTORELEASING = YES;
				CLANG_WARN_BOOL_CONVERSION = YES;
				CLANG_WARN_COMMA = YES;
				CLANG_WARN_CONSTANT_CONVERSION = YES;
				CLANG_WARN_DEPRECATED_OBJC_IMPLEMENTATIONS = YES;
				CLANG_WARN_DIRECT_OBJC_ISA_USAGE = YES_ERROR;
				CLANG_WARN_DOCUMENTATION_COMMENTS = YES;
				CLANG_WARN_EMPTY_BODY = YES;
				CLANG_WARN_ENUM_CONVERSION = YES;
				CLANG_WARN_INFINITE_RECURSION = YES;
				CLANG_WARN_INT_CONVERSION = YES;
				CLANG_WARN_NON_LITERAL_NULL_CONVERSION = YES;
				CLANG_WARN_OBJC_IMPLICIT_RETAIN_SELF = YES;
				CLANG_WARN_OBJC_LITERAL_CONVERSION = YES;
				CLANG_WARN_OBJC_ROOT_CLASS = YES_ERROR;
				CLANG_WARN_QUOTED_INCLUDE_IN_FRAMEWORK_HEADER = YES;
				CLANG_WARN_RANGE_LOOP_ANALYSIS = YES;
				CLANG_WARN_STRICT_PROTOTYPES = YES;
				CLANG_WARN_SUSPICIOUS_MOVE = YES;
				CLANG_WARN_UNGUARDED_AVAILABILITY = YES_AGGRESSIVE;
				CLANG_WARN_UNREACHABLE_CODE = YES;
				CLANG_WARN__DUPLICATE_METHOD_MATCH = YES;
				COPY_PHASE_STRIP = NO;
				DEBUG_INFORMATION_FORMAT = dwarf;
				ENABLE_STRICT_OBJC_MSGSEND = YES;
				ENABLE_TESTABILITY = YES;
				ENABLE_USER_SCRIPT_SANDBOXING = YES;
				GCC_C_LANGUAGE_STANDARD = gnu17;
				GCC_DYNAMIC_NO_PIC = NO;
				GCC_NO_COMMON_BLOCKS = YES;
				GCC_OPTIMIZATION_LEVEL = 0;
				GCC_PREPROCESSOR_DEFINITIONS = (
					"DEBUG=1",
					"$(inherited)",
				);
				GCC_WARN_64_TO_32_BIT_CONVERSION = YES;
				GCC_WARN_ABOUT_RETURN_TYPE = YES_ERROR;
				GCC_WARN_UNDECLARED_SELECTOR = YES;
				GCC_WARN_UNINITIALIZED_AUTOS = YES_AGGRESSIVE;
				GCC_WARN_UNUSED_FUNCTION = YES;
				GCC_WARN_UNUSED_VARIABLE = YES;
				IPHONEOS_DEPLOYMENT_TARGET = 18.2;
				LOCALIZATION_PREFERS_STRING_CATALOGS = YES;
				MTL_ENABLE_DEBUG_INFO = INCLUDE_SOURCE;
				MTL_FAST_MATH = YES;
				ONLY_ACTIVE_ARCH = YES;
				SDKROOT = iphoneos;
				SWIFT_ACTIVE_COMPILATION_CONDITIONS = "DEBUG $(inherited)";
				SWIFT_OPTIMIZATION_LEVEL = "-Onone";
			};
			name = Debug;
		};
		1B57CAB32DE54F100002249D /* Release */ = {
			isa = XCBuildConfiguration;
			buildSettings = {
				ALWAYS_SEARCH_USER_PATHS = NO;
				ASSETCATALOG_COMPILER_GENERATE_SWIFT_ASSET_SYMBOL_EXTENSIONS = YES;
				CLANG_ANALYZER_NONNULL = YES;
				CLANG_ANALYZER_NUMBER_OBJECT_CONVERSION = YES_AGGRESSIVE;
				CLANG_CXX_LANGUAGE_STANDARD = "gnu++20";
				CLANG_ENABLE_MODULES = YES;
				CLANG_ENABLE_OBJC_ARC = YES;
				CLANG_ENABLE_OBJC_WEAK = YES;
				CLANG_WARN_BLOCK_CAPTURE_AUTORELEASING = YES;
				CLANG_WARN_BOOL_CONVERSION = YES;
				CLANG_WARN_COMMA = YES;
				CLANG_WARN_CONSTANT_CONVERSION = YES;
				CLANG_WARN_DEPRECATED_OBJC_IMPLEMENTATIONS = YES;
				CLANG_WARN_DIRECT_OBJC_ISA_USAGE = YES_ERROR;
				CLANG_WARN_DOCUMENTATION_COMMENTS = YES;
				CLANG_WARN_EMPTY_BODY = YES;
				CLANG_WARN_ENUM_CONVERSION = YES;
				CLANG_WARN_INFINITE_RECURSION = YES;
				CLANG_WARN_INT_CONVERSION = YES;
				CLANG_WARN_NON_LITERAL_NULL_CONVERSION = YES;
				CLANG_WARN_OBJC_IMPLICIT_RETAIN_SELF = YES;
				CLANG_WARN_OBJC_LITERAL_CONVERSION = YES;
				CLANG_WARN_OBJC_ROOT_CLASS = YES_ERROR;
				CLANG_WARN_QUOTED_INCLUDE_IN_FRAMEWORK_HEADER = YES;
				CLANG_WARN_RANGE_LOOP_ANALYSIS = YES;
				CLANG_WARN_STRICT_PROTOTYPES = YES;
				CLANG_WARN_SUSPICIOUS_MOVE = YES;
				CLANG_WARN_UNGUARDED_AVAILABILITY = YES_AGGRESSIVE;
				CLANG_WARN_UNREACHABLE_CODE = YES;
				CLANG_WARN__DUPLICATE_METHOD_MATCH = YES;
				COPY_PHASE_STRIP = NO;
				DEBUG_INFORMATION_FORMAT = "dwarf-with-dsym";
				ENABLE_NS_ASSERTIONS = NO;
				ENABLE_STRICT_OBJC_MSGSEND = YES;
				ENABLE_USER_SCRIPT_SANDBOXING = YES;
				GCC_C_LANGUAGE_STANDARD = gnu17;
				GCC_NO_COMMON_BLOCKS = YES;
				GCC_WARN_64_TO_32_BIT_CONVERSION = YES;
				GCC_WARN_ABOUT_RETURN_TYPE = YES_ERROR;
				GCC_WARN_UNDECLARED_SELECTOR = YES;
				GCC_WARN_UNINITIALIZED_AUTOS = YES_AGGRESSIVE;
				GCC_WARN_UNUSED_FUNCTION = YES;
				GCC_WARN_UNUSED_VARIABLE = YES;
				IPHONEOS_DEPLOYMENT_TARGET = 18.2;
				LOCALIZATION_PREFERS_STRING_CATALOGS = YES;
				MTL_ENABLE_DEBUG_INFO = NO;
				MTL_FAST_MATH = YES;
				SDKROOT = iphoneos;
				SWIFT_COMPILATION_MODE = wholemodule;
				VALIDATE_PRODUCT = YES;
			};
			name = Release;
		};
		1B57CAB52DE54F100002249D /* Debug */ = {
			isa = XCBuildConfiguration;
			buildSettings = {
				ASSETCATALOG_COMPILER_APPICON_NAME = AppIcon;
				ASSETCATALOG_COMPILER_GLOBAL_ACCENT_COLOR_NAME = AccentColor;
				CODE_SIGN_STYLE = Automatic;
				CURRENT_PROJECT_VERSION = 1;
				DEVELOPMENT_ASSET_PATHS = "\"MyLocalMarketiOS/Preview Content\"";
				DEVELOPMENT_TEAM = L3ZPWB4HNK;
				ENABLE_PREVIEWS = YES;
				GENERATE_INFOPLIST_FILE = YES;
				INFOPLIST_KEY_UIApplicationSceneManifest_Generation = YES;
				INFOPLIST_KEY_UIApplicationSupportsIndirectInputEvents = YES;
				INFOPLIST_KEY_UILaunchScreen_Generation = YES;
				INFOPLIST_KEY_UISupportedInterfaceOrientations_iPad = "UIInterfaceOrientationPortrait UIInterfaceOrientationPortraitUpsideDown UIInterfaceOrientationLandscapeLeft UIInterfaceOrientationLandscapeRight";
				INFOPLIST_KEY_UISupportedInterfaceOrientations_iPhone = "UIInterfaceOrientationPortrait UIInterfaceOrientationLandscapeLeft UIInterfaceOrientationLandscapeRight";
				LD_RUNPATH_SEARCH_PATHS = (
					"$(inherited)",
					"@executable_path/Frameworks",
				);
				MARKETING_VERSION = 1.0;
				PRODUCT_BUNDLE_IDENTIFIER = com.sanghwiback.MyLocalMarketiOS;
				PRODUCT_NAME = "$(TARGET_NAME)";
				SWIFT_EMIT_LOC_STRINGS = YES;
				SWIFT_VERSION = 5.0;
				TARGETED_DEVICE_FAMILY = "1,2";
			};
			name = Debug;
		};
		1B57CAB62DE54F100002249D /* Release */ = {
			isa = XCBuildConfiguration;
			buildSettings = {
				ASSETCATALOG_COMPILER_APPICON_NAME = AppIcon;
				ASSETCATALOG_COMPILER_GLOBAL_ACCENT_COLOR_NAME = AccentColor;
				CODE_SIGN_STYLE = Automatic;
				CURRENT_PROJECT_VERSION = 1;
				DEVELOPMENT_ASSET_PATHS = "\"MyLocalMarketiOS/Preview Content\"";
				DEVELOPMENT_TEAM = L3ZPWB4HNK;
				ENABLE_PREVIEWS = YES;
				GENERATE_INFOPLIST_FILE = YES;
				INFOPLIST_KEY_UIApplicationSceneManifest_Generation = YES;
				INFOPLIST_KEY_UIApplicationSupportsIndirectInputEvents = YES;
				INFOPLIST_KEY_UILaunchScreen_Generation = YES;
				INFOPLIST_KEY_UISupportedInterfaceOrientations_iPad = "UIInterfaceOrientationPortrait UIInterfaceOrientationPortraitUpsideDown UIInterfaceOrientationLandscapeLeft UIInterfaceOrientationLandscapeRight";
				INFOPLIST_KEY_UISupportedInterfaceOrientations_iPhone = "UIInterfaceOrientationPortrait UIInterfaceOrientationLandscapeLeft UIInterfaceOrientationLandscapeRight";
				LD_RUNPATH_SEARCH_PATHS = (
					"$(inherited)",
					"@executable_path/Frameworks",
				);
				MARKETING_VERSION = 1.0;
				PRODUCT_BUNDLE_IDENTIFIER = com.sanghwiback.MyLocalMarketiOS;
				PRODUCT_NAME = "$(TARGET_NAME)";
				SWIFT_EMIT_LOC_STRINGS = YES;
				SWIFT_VERSION = 5.0;
				TARGETED_DEVICE_FAMILY = "1,2";
			};
			name = Release;
		};
		1B57CAB82DE54F100002249D /* Debug */ = {
			isa = XCBuildConfiguration;
			buildSettings = {
				BUNDLE_LOADER = "$(TEST_HOST)";
				CODE_SIGN_STYLE = Automatic;
				CURRENT_PROJECT_VERSION = 1;
				DEVELOPMENT_TEAM = L3ZPWB4HNK;
				GENERATE_INFOPLIST_FILE = YES;
				IPHONEOS_DEPLOYMENT_TARGET = 18.2;
				MARKETING_VERSION = 1.0;
				PRODUCT_BUNDLE_IDENTIFIER = com.sanghwiback.MyLocalMarketiOSTests;
				PRODUCT_NAME = "$(TARGET_NAME)";
				SWIFT_EMIT_LOC_STRINGS = NO;
				SWIFT_VERSION = 5.0;
				TARGETED_DEVICE_FAMILY = "1,2";
				TEST_HOST = "$(BUILT_PRODUCTS_DIR)/MyLocalMarketiOS.app/$(BUNDLE_EXECUTABLE_FOLDER_PATH)/MyLocalMarketiOS";
			};
			name = Debug;
		};
		1B57CAB92DE54F100002249D /* Release */ = {
			isa = XCBuildConfiguration;
			buildSettings = {
				BUNDLE_LOADER = "$(TEST_HOST)";
				CODE_SIGN_STYLE = Automatic;
				CURRENT_PROJECT_VERSION = 1;
				DEVELOPMENT_TEAM = L3ZPWB4HNK;
				GENERATE_INFOPLIST_FILE = YES;
				IPHONEOS_DEPLOYMENT_TARGET = 18.2;
				MARKETING_VERSION = 1.0;
				PRODUCT_BUNDLE_IDENTIFIER = com.sanghwiback.MyLocalMarketiOSTests;
				PRODUCT_NAME = "$(TARGET_NAME)";
				SWIFT_EMIT_LOC_STRINGS = NO;
				SWIFT_VERSION = 5.0;
				TARGETED_DEVICE_FAMILY = "1,2";
				TEST_HOST = "$(BUILT_PRODUCTS_DIR)/MyLocalMarketiOS.app/$(BUNDLE_EXECUTABLE_FOLDER_PATH)/MyLocalMarketiOS";
			};
			name = Release;
		};
		1B57CABB2DE54F100002249D /* Debug */ = {
			isa = XCBuildConfiguration;
			buildSettings = {
				CODE_SIGN_STYLE = Automatic;
				CURRENT_PROJECT_VERSION = 1;
				DEVELOPMENT_TEAM = L3ZPWB4HNK;
				GENERATE_INFOPLIST_FILE = YES;
				MARKETING_VERSION = 1.0;
				PRODUCT_BUNDLE_IDENTIFIER = com.sanghwiback.MyLocalMarketiOSUITests;
				PRODUCT_NAME = "$(TARGET_NAME)";
				SWIFT_EMIT_LOC_STRINGS = NO;
				SWIFT_VERSION = 5.0;
				TARGETED_DEVICE_FAMILY = "1,2";
				TEST_TARGET_NAME = MyLocalMarketiOS;
			};
			name = Debug;
		};
		1B57CABC2DE54F100002249D /* Release */ = {
			isa = XCBuildConfiguration;
			buildSettings = {
				CODE_SIGN_STYLE = Automatic;
				CURRENT_PROJECT_VERSION = 1;
				DEVELOPMENT_TEAM = L3ZPWB4HNK;
				GENERATE_INFOPLIST_FILE = YES;
				MARKETING_VERSION = 1.0;
				PRODUCT_BUNDLE_IDENTIFIER = com.sanghwiback.MyLocalMarketiOSUITests;
				PRODUCT_NAME = "$(TARGET_NAME)";
				SWIFT_EMIT_LOC_STRINGS = NO;
				SWIFT_VERSION = 5.0;
				TARGETED_DEVICE_FAMILY = "1,2";
				TEST_TARGET_NAME = MyLocalMarketiOS;
			};
			name = Release;
		};
/* End XCBuildConfiguration section */

/* Begin XCConfigurationList section */
		1B57CA892DE54F0E0002249D /* Build configuration list for PBXProject "MyLocalMarketiOS" */ = {
			isa = XCConfigurationList;
			buildConfigurations = (
				1B57CAB22DE54F100002249D /* Debug */,
				1B57CAB32DE54F100002249D /* Release */,
			);
			defaultConfigurationIsVisible = 0;
			defaultConfigurationName = Release;
		};
		1B57CAB42DE54F100002249D /* Build configuration list for PBXNativeTarget "MyLocalMarketiOS" */ = {
			isa = XCConfigurationList;
			buildConfigurations = (
				1B57CAB52DE54F100002249D /* Debug */,
				1B57CAB62DE54F100002249D /* Release */,
			);
			defaultConfigurationIsVisible = 0;
			defaultConfigurationName = Release;
		};
		1B57CAB72DE54F100002249D /* Build configuration list for PBXNativeTarget "MyLocalMarketiOSTests" */ = {
			isa = XCConfigurationList;
			buildConfigurations = (
				1B57CAB82DE54F100002249D /* Debug */,
				1B57CAB92DE54F100002249D /* Release */,
			);
			defaultConfigurationIsVisible = 0;
			defaultConfigurationName = Release;
		};
		1B57CABA2DE54F100002249D /* Build configuration list for PBXNativeTarget "MyLocalMarketiOSUITests" */ = {
			isa = XCConfigurationList;
			buildConfigurations = (
				1B57CABB2DE54F100002249D /* Debug */,
				1B57CABC2DE54F100002249D /* Release */,
			);
			defaultConfigurationIsVisible = 0;
			defaultConfigurationName = Release;
		};
/* End XCConfigurationList section */
	};
	rootObject = 1B57CA862DE54F0E0002249D /* Project object */;
}
